
Microsoft Visual Studio Solution File, Format Version 12.00
# Visual Studio Version 17
VisualStudioVersion = 17.8.34408.163
MinimumVisualStudioVersion = 10.0.40219.1
Project("{9A19103F-16F7-4668-BE54-9A1E7A4F7556}") = "DoplomaCompilator", "DoplomaCompilator\DoplomaCompilator.csproj", "{177E9363-0FE2-4707-921C-066814318CED}"
EndProject
Project("{FAE04EC0-301F-11D3-BF4B-00C04F79EFBC}") = "CompilationConsole", "CompilationConsole\CompilationConsole.csproj", "{7A51E361-35D7-4772-8C14-CFA276984199}"
EndProject
Global
	GlobalSection(SolutionConfigurationPlatforms) = preSolution
		Debug|Any CPU = Debug|Any CPU
		Release|Any CPU = Release|Any CPU
	EndGlobalSection
	GlobalSection(ProjectConfigurationPlatforms) = postSolution
		{177E9363-0FE2-4707-921C-066814318CED}.Debug|Any CPU.ActiveCfg = Debug|Any CPU
		{177E9363-0FE2-4707-921C-066814318CED}.Debug|Any CPU.Build.0 = Debug|Any CPU
		{177E9363-0FE2-4707-921C-066814318CED}.Release|Any CPU.ActiveCfg = Release|Any CPU
		{177E9363-0FE2-4707-921C-066814318CED}.Release|Any CPU.Build.0 = Release|Any CPU
		{7A51E361-35D7-4772-8C14-CFA276984199}.Debug|Any CPU.ActiveCfg = Debug|Any CPU
		{7A51E361-35D7-4772-8C14-CFA276984199}.Debug|Any CPU.Build.0 = Debug|Any CPU
		{7A51E361-35D7-4772-8C14-CFA276984199}.Release|Any CPU.ActiveCfg = Release|Any CPU
		{7A51E361-35D7-4772-8C14-CFA276984199}.Release|Any CPU.Build.0 = Release|Any CPU
	EndGlobalSection
	GlobalSection(SolutionProperties) = preSolution
		HideSolutionNode = FALSE
	EndGlobalSection
	GlobalSection(ExtensibilityGlobals) = postSolution
		SolutionGuid = {57983D2E-7703-490E-BF34-64F0EAF8602F}
	EndGlobalSection
EndGlobal
